
Microsoft Visual Studio Solution File, Format Version 12.00
# Visual Studio 15
VisualStudioVersion = 15.0.27703.2042
MinimumVisualStudioVersion = 10.0.40219.1
Project("{FAE04EC0-301F-11D3-BF4B-00C04F79EFBC}") = "TestApp", "TestApp\TestApp.csproj", "{FE0C8979-19A5-49C5-9D55-0ABDC325688A}"
EndProject
Global
	GlobalSection(SolutionConfigurationPlatforms) = preSolution
		Debug|Any CPU = Debug|Any CPU
		Release|Any CPU = Release|Any CPU
	EndGlobalSection
	GlobalSection(ProjectConfigurationPlatforms) = postSolution
		{FE0C8979-19A5-49C5-9D55-0ABDC325688A}.Debug|Any CPU.ActiveCfg = Debug|Any CPU
		{FE0C8979-19A5-49C5-9D55-0ABDC325688A}.Debug|Any CPU.Build.0 = Debug|Any CPU
		{FE0C8979-19A5-49C5-9D55-0ABDC325688A}.Release|Any CPU.ActiveCfg = Release|Any CPU
		{FE0C8979-19A5-49C5-9D55-0ABDC325688A}.Release|Any CPU.Build.0 = Release|Any CPU
	EndGlobalSection
	GlobalSection(SolutionProperties) = preSolution
		HideSolutionNode = FALSE
	EndGlobalSection
	GlobalSection(ExtensibilityGlobals) = postSolution
		SolutionGuid = {52C77A4D-7E0C-4A40-83EE-68B9D00F47A2}
	EndGlobalSection
EndGlobal
